
Microsoft Visual Studio Solution File, Format Version 12.00
# Visual Studio Version 16
VisualStudioVersion = 16.0.30413.136
MinimumVisualStudioVersion = 10.0.40219.1
Project("{FAE04EC0-301F-11D3-BF4B-00C04F79EFBC}") = "PatronComportamiento-Strategy", "PatronComportamiento-Strategy\PatronComportamiento-Strategy.csproj", "{BD448AFA-38DC-494F-B8B0-9677786C7AA8}"
EndProject
Global
	GlobalSection(SolutionConfigurationPlatforms) = preSolution
		Debug|Any CPU = Debug|Any CPU
		Release|Any CPU = Release|Any CPU
	EndGlobalSection
	GlobalSection(ProjectConfigurationPlatforms) = postSolution
		{BD448AFA-38DC-494F-B8B0-9677786C7AA8}.Debug|Any CPU.ActiveCfg = Debug|Any CPU
		{BD448AFA-38DC-494F-B8B0-9677786C7AA8}.Debug|Any CPU.Build.0 = Debug|Any CPU
		{BD448AFA-38DC-494F-B8B0-9677786C7AA8}.Release|Any CPU.ActiveCfg = Release|Any CPU
		{BD448AFA-38DC-494F-B8B0-9677786C7AA8}.Release|Any CPU.Build.0 = Release|Any CPU
	EndGlobalSection
	GlobalSection(SolutionProperties) = preSolution
		HideSolutionNode = FALSE
	EndGlobalSection
	GlobalSection(ExtensibilityGlobals) = postSolution
		SolutionGuid = {3603FF0E-6C63-4A2E-8928-1CE5FC54A400}
	EndGlobalSection
EndGlobal
